// !$*UTF8*$!
{
	archiveVersion = 1;
	classes = {
	};
	objectVersion = 46;
	objects = {

/* Begin PBXBuildFile section */
		4C095FC21385F0BF00374892 /* UIKit.framework in Frameworks */ = {isa = PBXBuildFile; fileRef = 4C095FC11385F0BF00374892 /* UIKit.framework */; };
		4C095FC41385F0BF00374892 /* Foundation.framework in Frameworks */ = {isa = PBXBuildFile; fileRef = 4C095FC31385F0BF00374892 /* Foundation.framework */; };
		4C095FC61385F0BF00374892 /* CoreGraphics.framework in Frameworks */ = {isa = PBXBuildFile; fileRef = 4C095FC51385F0BF00374892 /* CoreGraphics.framework */; };
		4C095FC81385F0BF00374892 /* CoreData.framework in Frameworks */ = {isa = PBXBuildFile; fileRef = 4C095FC71385F0BF00374892 /* CoreData.framework */; };
		4C095FCE1385F0BF00374892 /* InfoPlist.strings in Resources */ = {isa = PBXBuildFile; fileRef = 4C095FCC1385F0BF00374892 /* InfoPlist.strings */; };
		4C095FD11385F0BF00374892 /* main.m in Sources */ = {isa = PBXBuildFile; fileRef = 4C095FD01385F0BF00374892 /* main.m */; };
		4C095FD41385F0BF00374892 /* ToDoAppDelegate.m in Sources */ = {isa = PBXBuildFile; fileRef = 4C095FD31385F0BF00374892 /* ToDoAppDelegate.m */; };
		4C095FD71385F0BF00374892 /* ToDo.xcdatamodeld in Sources */ = {isa = PBXBuildFile; fileRef = 4C095FD51385F0BF00374892 /* ToDo.xcdatamodeld */; };
		4C095FDA1385F0BF00374892 /* MainWindow.xib in Resources */ = {isa = PBXBuildFile; fileRef = 4C095FD81385F0BF00374892 /* MainWindow.xib */; };
		4C095FDD1385F0BF00374892 /* RootViewController.m in Sources */ = {isa = PBXBuildFile; fileRef = 4C095FDC1385F0BF00374892 /* RootViewController.m */; };
		4C095FE01385F0BF00374892 /* RootViewController.xib in Resources */ = {isa = PBXBuildFile; fileRef = 4C095FDE1385F0BF00374892 /* RootViewController.xib */; };
		4C67770E13985E7D00CEC8D3 /* ToDoDetailViewController.m in Sources */ = {isa = PBXBuildFile; fileRef = 4C67770C13985E7D00CEC8D3 /* ToDoDetailViewController.m */; };
		4C67770F13985E7D00CEC8D3 /* ToDoDetailViewController.xib in Resources */ = {isa = PBXBuildFile; fileRef = 4C67770D13985E7D00CEC8D3 /* ToDoDetailViewController.xib */; };
		4C849C7F13B43DDF00564A5D /* DueDateViewController.m in Sources */ = {isa = PBXBuildFile; fileRef = 4C849C7D13B43DDF00564A5D /* DueDateViewController.m */; };
		4C849C8013B43DDF00564A5D /* DueDateViewController.xib in Resources */ = {isa = PBXBuildFile; fileRef = 4C849C7E13B43DDF00564A5D /* DueDateViewController.xib */; };
		4C849C8613B43EB700564A5D /* CategoryPickerViewController.m in Sources */ = {isa = PBXBuildFile; fileRef = 4C849C8413B43EB700564A5D /* CategoryPickerViewController.m */; };
		4C849C8713B43EB700564A5D /* CategoryPickerViewController.xib in Resources */ = {isa = PBXBuildFile; fileRef = 4C849C8513B43EB700564A5D /* CategoryPickerViewController.xib */; };
		4CA784841399066000E99631 /* TabView1.png in Resources */ = {isa = PBXBuildFile; fileRef = 4CA7847F1399066000E99631 /* TabView1.png */; };
		4CA784851399066000E99631 /* TabView2.png in Resources */ = {isa = PBXBuildFile; fileRef = 4CA784801399066000E99631 /* TabView2.png */; };
		4CA784861399066000E99631 /* TabView3.png in Resources */ = {isa = PBXBuildFile; fileRef = 4CA784811399066000E99631 /* TabView3.png */; };
		4CA784871399066000E99631 /* TabView4.png in Resources */ = {isa = PBXBuildFile; fileRef = 4CA784821399066000E99631 /* TabView4.png */; };
		4CA784881399066000E99631 /* TabView5.png in Resources */ = {isa = PBXBuildFile; fileRef = 4CA784831399066000E99631 /* TabView5.png */; };
		4CD3AECA138F549D003E6E7B /* ThirdViewController.m in Sources */ = {isa = PBXBuildFile; fileRef = 4CD3AEBE138F549D003E6E7B /* ThirdViewController.m */; };
		4CD3AECB138F549D003E6E7B /* FifthViewController.xib in Resources */ = {isa = PBXBuildFile; fileRef = 4CD3AEBF138F549D003E6E7B /* FifthViewController.xib */; };
		4CD3AECC138F549D003E6E7B /* FifthViewController.m in Sources */ = {isa = PBXBuildFile; fileRef = 4CD3AEC0138F549D003E6E7B /* FifthViewController.m */; };
		4CD3AECD138F549D003E6E7B /* FourthViewController.xib in Resources */ = {isa = PBXBuildFile; fileRef = 4CD3AEC2138F549D003E6E7B /* FourthViewController.xib */; };
		4CD3AECE138F549D003E6E7B /* FourthViewController.m in Sources */ = {isa = PBXBuildFile; fileRef = 4CD3AEC3138F549D003E6E7B /* FourthViewController.m */; };
		4CD3AECF138F549D003E6E7B /* ThirdViewController.xib in Resources */ = {isa = PBXBuildFile; fileRef = 4CD3AEC5138F549D003E6E7B /* ThirdViewController.xib */; };
		4CD3AED0138F549D003E6E7B /* SecondViewController.xib in Resources */ = {isa = PBXBuildFile; fileRef = 4CD3AEC7138F549D003E6E7B /* SecondViewController.xib */; };
		4CD3AED1138F549D003E6E7B /* SecondViewController.m in Sources */ = {isa = PBXBuildFile; fileRef = 4CD3AEC8138F549D003E6E7B /* SecondViewController.m */; };
		4CDE28D9138F255A008A0630 /* TabViewController.m in Sources */ = {isa = PBXBuildFile; fileRef = 4CDE28D7138F255A008A0630 /* TabViewController.m */; };
		4CDE28DA138F255A008A0630 /* TabViewController.xib in Resources */ = {isa = PBXBuildFile; fileRef = 4CDE28D8138F255A008A0630 /* TabViewController.xib */; };
		4CDE28DE138F29CF008A0630 /* FirstViewController.m in Sources */ = {isa = PBXBuildFile; fileRef = 4CDE28DC138F29CF008A0630 /* FirstViewController.m */; };
		4CDE28DF138F29CF008A0630 /* FirstViewController.xib in Resources */ = {isa = PBXBuildFile; fileRef = 4CDE28DD138F29CF008A0630 /* FirstViewController.xib */; };
/* End PBXBuildFile section */

/* Begin PBXFileReference section */
		4C095FBD1385F0BF00374892 /* ToDo.app */ = {isa = PBXFileReference; explicitFileType = wrapper.application; includeInIndex = 0; path = ToDo.app; sourceTree = BUILT_PRODUCTS_DIR; };
		4C095FC11385F0BF00374892 /* UIKit.framework */ = {isa = PBXFileReference; lastKnownFileType = wrapper.framework; name = UIKit.framework; path = System/Library/Frameworks/UIKit.framework; sourceTree = SDKROOT; };
		4C095FC31385F0BF00374892 /* Foundation.framework */ = {isa = PBXFileReference; lastKnownFileType = wrapper.framework; name = Foundation.framework; path = System/Library/Frameworks/Foundation.framework; sourceTree = SDKROOT; };
		4C095FC51385F0BF00374892 /* CoreGraphics.framework */ = {isa = PBXFileReference; lastKnownFileType = wrapper.framework; name = CoreGraphics.framework; path = System/Library/Frameworks/CoreGraphics.framework; sourceTree = SDKROOT; };
		4C095FC71385F0BF00374892 /* CoreData.framework */ = {isa = PBXFileReference; lastKnownFileType = wrapper.framework; name = CoreData.framework; path = System/Library/Frameworks/CoreData.framework; sourceTree = SDKROOT; };
		4C095FCB1385F0BF00374892 /* ToDo-Info.plist */ = {isa = PBXFileReference; lastKnownFileType = text.plist.xml; path = "ToDo-Info.plist"; sourceTree = "<group>"; };
		4C095FCD1385F0BF00374892 /* en */ = {isa = PBXFileReference; lastKnownFileType = text.plist.strings; name = en; path = en.lproj/InfoPlist.strings; sourceTree = "<group>"; };
		4C095FCF1385F0BF00374892 /* ToDo-Prefix.pch */ = {isa = PBXFileReference; lastKnownFileType = sourcecode.c.h; path = "ToDo-Prefix.pch"; sourceTree = "<group>"; };
		4C095FD01385F0BF00374892 /* main.m */ = {isa = PBXFileReference; lastKnownFileType = sourcecode.c.objc; path = main.m; sourceTree = "<group>"; };
		4C095FD21385F0BF00374892 /* ToDoAppDelegate.h */ = {isa = PBXFileReference; lastKnownFileType = sourcecode.c.h; path = ToDoAppDelegate.h; sourceTree = "<group>"; };
		4C095FD31385F0BF00374892 /* ToDoAppDelegate.m */ = {isa = PBXFileReference; lastKnownFileType = sourcecode.c.objc; path = ToDoAppDelegate.m; sourceTree = "<group>"; };
		4C095FD61385F0BF00374892 /* ToDo.xcdatamodel */ = {isa = PBXFileReference; lastKnownFileType = wrapper.xcdatamodel; path = ToDo.xcdatamodel; sourceTree = "<group>"; };
		4C095FD91385F0BF00374892 /* en */ = {isa = PBXFileReference; lastKnownFileType = file.xib; name = en; path = en.lproj/MainWindow.xib; sourceTree = "<group>"; };
		4C095FDB1385F0BF00374892 /* RootViewController.h */ = {isa = PBXFileReference; lastKnownFileType = sourcecode.c.h; path = RootViewController.h; sourceTree = "<group>"; };
		4C095FDC1385F0BF00374892 /* RootViewController.m */ = {isa = PBXFileReference; lastKnownFileType = sourcecode.c.objc; path = RootViewController.m; sourceTree = "<group>"; };
		4C095FDF1385F0BF00374892 /* en */ = {isa = PBXFileReference; lastKnownFileType = file.xib; name = en; path = en.lproj/RootViewController.xib; sourceTree = "<group>"; };
		4C67770B13985E7D00CEC8D3 /* ToDoDetailViewController.h */ = {isa = PBXFileReference; fileEncoding = 4; lastKnownFileType = sourcecode.c.h; path = ToDoDetailViewController.h; sourceTree = "<group>"; };
		4C67770C13985E7D00CEC8D3 /* ToDoDetailViewController.m */ = {isa = PBXFileReference; fileEncoding = 4; lastKnownFileType = sourcecode.c.objc; path = ToDoDetailViewController.m; sourceTree = "<group>"; };
		4C67770D13985E7D00CEC8D3 /* ToDoDetailViewController.xib */ = {isa = PBXFileReference; fileEncoding = 4; lastKnownFileType = file.xib; path = ToDoDetailViewController.xib; sourceTree = "<group>"; };
		4C849C7C13B43DDF00564A5D /* DueDateViewController.h */ = {isa = PBXFileReference; fileEncoding = 4; lastKnownFileType = sourcecode.c.h; path = DueDateViewController.h; sourceTree = "<group>"; };
		4C849C7D13B43DDF00564A5D /* DueDateViewController.m */ = {isa = PBXFileReference; fileEncoding = 4; lastKnownFileType = sourcecode.c.objc; path = DueDateViewController.m; sourceTree = "<group>"; };
		4C849C7E13B43DDF00564A5D /* DueDateViewController.xib */ = {isa = PBXFileReference; fileEncoding = 4; lastKnownFileType = file.xib; path = DueDateViewController.xib; sourceTree = "<group>"; };
		4C849C8313B43EB700564A5D /* CategoryPickerViewController.h */ = {isa = PBXFileReference; fileEncoding = 4; lastKnownFileType = sourcecode.c.h; name = CategoryPickerViewController.h; path = "../../../../AppleDev/Apple-Developers/ToDo/ToDo/CategoryPickerViewController.h"; sourceTree = "<group>"; };
		4C849C8413B43EB700564A5D /* CategoryPickerViewController.m */ = {isa = PBXFileReference; fileEncoding = 4; lastKnownFileType = sourcecode.c.objc; name = CategoryPickerViewController.m; path = "../../../../AppleDev/Apple-Developers/ToDo/ToDo/CategoryPickerViewController.m"; sourceTree = "<group>"; };
		4C849C8513B43EB700564A5D /* CategoryPickerViewController.xib */ = {isa = PBXFileReference; fileEncoding = 4; lastKnownFileType = file.xib; name = CategoryPickerViewController.xib; path = "../../../../AppleDev/Apple-Developers/ToDo/ToDo/CategoryPickerViewController.xib"; sourceTree = "<group>"; };
		4CA7847F1399066000E99631 /* TabView1.png */ = {isa = PBXFileReference; lastKnownFileType = image.png; path = TabView1.png; sourceTree = "<group>"; };
		4CA784801399066000E99631 /* TabView2.png */ = {isa = PBXFileReference; lastKnownFileType = image.png; path = TabView2.png; sourceTree = "<group>"; };
		4CA784811399066000E99631 /* TabView3.png */ = {isa = PBXFileReference; lastKnownFileType = image.png; path = TabView3.png; sourceTree = "<group>"; };
		4CA784821399066000E99631 /* TabView4.png */ = {isa = PBXFileReference; lastKnownFileType = image.png; path = TabView4.png; sourceTree = "<group>"; };
		4CA784831399066000E99631 /* TabView5.png */ = {isa = PBXFileReference; lastKnownFileType = image.png; path = TabView5.png; sourceTree = "<group>"; };
		4CD3AEBE138F549D003E6E7B /* ThirdViewController.m */ = {isa = PBXFileReference; fileEncoding = 4; lastKnownFileType = sourcecode.c.objc; path = ThirdViewController.m; sourceTree = "<group>"; };
		4CD3AEBF138F549D003E6E7B /* FifthViewController.xib */ = {isa = PBXFileReference; fileEncoding = 4; lastKnownFileType = file.xib; path = FifthViewController.xib; sourceTree = "<group>"; };
		4CD3AEC0138F549D003E6E7B /* FifthViewController.m */ = {isa = PBXFileReference; fileEncoding = 4; lastKnownFileType = sourcecode.c.objc; path = FifthViewController.m; sourceTree = "<group>"; };
		4CD3AEC1138F549D003E6E7B /* FifthViewController.h */ = {isa = PBXFileReference; fileEncoding = 4; lastKnownFileType = sourcecode.c.h; path = FifthViewController.h; sourceTree = "<group>"; };
		4CD3AEC2138F549D003E6E7B /* FourthViewController.xib */ = {isa = PBXFileReference; fileEncoding = 4; lastKnownFileType = file.xib; path = FourthViewController.xib; sourceTree = "<group>"; };
		4CD3AEC3138F549D003E6E7B /* FourthViewController.m */ = {isa = PBXFileReference; fileEncoding = 4; lastKnownFileType = sourcecode.c.objc; path = FourthViewController.m; sourceTree = "<group>"; };
		4CD3AEC4138F549D003E6E7B /* FourthViewController.h */ = {isa = PBXFileReference; fileEncoding = 4; lastKnownFileType = sourcecode.c.h; path = FourthViewController.h; sourceTree = "<group>"; };
		4CD3AEC5138F549D003E6E7B /* ThirdViewController.xib */ = {isa = PBXFileReference; fileEncoding = 4; lastKnownFileType = file.xib; path = ThirdViewController.xib; sourceTree = "<group>"; };
		4CD3AEC6138F549D003E6E7B /* ThirdViewController.h */ = {isa = PBXFileReference; fileEncoding = 4; lastKnownFileType = sourcecode.c.h; path = ThirdViewController.h; sourceTree = "<group>"; };
		4CD3AEC7138F549D003E6E7B /* SecondViewController.xib */ = {isa = PBXFileReference; fileEncoding = 4; lastKnownFileType = file.xib; path = SecondViewController.xib; sourceTree = "<group>"; };
		4CD3AEC8138F549D003E6E7B /* SecondViewController.m */ = {isa = PBXFileReference; fileEncoding = 4; lastKnownFileType = sourcecode.c.objc; path = SecondViewController.m; sourceTree = "<group>"; };
		4CD3AEC9138F549D003E6E7B /* SecondViewController.h */ = {isa = PBXFileReference; fileEncoding = 4; lastKnownFileType = sourcecode.c.h; path = SecondViewController.h; sourceTree = "<group>"; };
		4CDE28D6138F255A008A0630 /* TabViewController.h */ = {isa = PBXFileReference; fileEncoding = 4; lastKnownFileType = sourcecode.c.h; path = TabViewController.h; sourceTree = "<group>"; };
		4CDE28D7138F255A008A0630 /* TabViewController.m */ = {isa = PBXFileReference; fileEncoding = 4; lastKnownFileType = sourcecode.c.objc; path = TabViewController.m; sourceTree = "<group>"; };
		4CDE28D8138F255A008A0630 /* TabViewController.xib */ = {isa = PBXFileReference; fileEncoding = 4; lastKnownFileType = file.xib; path = TabViewController.xib; sourceTree = "<group>"; };
		4CDE28DB138F29CF008A0630 /* FirstViewController.h */ = {isa = PBXFileReference; fileEncoding = 4; lastKnownFileType = sourcecode.c.h; path = FirstViewController.h; sourceTree = "<group>"; };
		4CDE28DC138F29CF008A0630 /* FirstViewController.m */ = {isa = PBXFileReference; fileEncoding = 4; lastKnownFileType = sourcecode.c.objc; path = FirstViewController.m; sourceTree = "<group>"; };
		4CDE28DD138F29CF008A0630 /* FirstViewController.xib */ = {isa = PBXFileReference; fileEncoding = 4; lastKnownFileType = file.xib; path = FirstViewController.xib; sourceTree = "<group>"; };
/* End PBXFileReference section */

/* Begin PBXFrameworksBuildPhase section */
		4C095FBA1385F0BF00374892 /* Frameworks */ = {
			isa = PBXFrameworksBuildPhase;
			buildActionMask = 2147483647;
			files = (
				4C095FC21385F0BF00374892 /* UIKit.framework in Frameworks */,
				4C095FC41385F0BF00374892 /* Foundation.framework in Frameworks */,
				4C095FC61385F0BF00374892 /* CoreGraphics.framework in Frameworks */,
				4C095FC81385F0BF00374892 /* CoreData.framework in Frameworks */,
			);
			runOnlyForDeploymentPostprocessing = 0;
		};
/* End PBXFrameworksBuildPhase section */

/* Begin PBXGroup section */
		4C095FB21385F0BF00374892 = {
			isa = PBXGroup;
			children = (
				4C095FC91385F0BF00374892 /* ToDo */,
				4C095FC01385F0BF00374892 /* Frameworks */,
				4C095FBE1385F0BF00374892 /* Products */,
			);
			sourceTree = "<group>";
		};
		4C095FBE1385F0BF00374892 /* Products */ = {
			isa = PBXGroup;
			children = (
				4C095FBD1385F0BF00374892 /* ToDo.app */,
			);
			name = Products;
			sourceTree = "<group>";
		};
		4C095FC01385F0BF00374892 /* Frameworks */ = {
			isa = PBXGroup;
			children = (
				4C095FC11385F0BF00374892 /* UIKit.framework */,
				4C095FC31385F0BF00374892 /* Foundation.framework */,
				4C095FC51385F0BF00374892 /* CoreGraphics.framework */,
				4C095FC71385F0BF00374892 /* CoreData.framework */,
			);
			name = Frameworks;
			sourceTree = "<group>";
		};
		4C095FC91385F0BF00374892 /* ToDo */ = {
			isa = PBXGroup;
			children = (
				4C849C8213B43DEF00564A5D /* TabGroup ViewControllers */,
				4C095FD21385F0BF00374892 /* ToDoAppDelegate.h */,
				4C095FD31385F0BF00374892 /* ToDoAppDelegate.m */,
				4C095FD81385F0BF00374892 /* MainWindow.xib */,
				4CDE28D6138F255A008A0630 /* TabViewController.h */,
				4CDE28D7138F255A008A0630 /* TabViewController.m */,
				4CDE28D8138F255A008A0630 /* TabViewController.xib */,
				4C095FDB1385F0BF00374892 /* RootViewController.h */,
				4C095FDC1385F0BF00374892 /* RootViewController.m */,
				4C095FDE1385F0BF00374892 /* RootViewController.xib */,
				4C67770B13985E7D00CEC8D3 /* ToDoDetailViewController.h */,
				4C67770C13985E7D00CEC8D3 /* ToDoDetailViewController.m */,
				4C67770D13985E7D00CEC8D3 /* ToDoDetailViewController.xib */,
				4C849C7C13B43DDF00564A5D /* DueDateViewController.h */,
				4C849C7D13B43DDF00564A5D /* DueDateViewController.m */,
				4C849C7E13B43DDF00564A5D /* DueDateViewController.xib */,
				4C849C8313B43EB700564A5D /* CategoryPickerViewController.h */,
				4C849C8413B43EB700564A5D /* CategoryPickerViewController.m */,
				4C849C8513B43EB700564A5D /* CategoryPickerViewController.xib */,
				4C095FCA1385F0BF00374892 /* Supporting Files */,
			);
			path = ToDo;
			sourceTree = "<group>";
		};
		4C095FCA1385F0BF00374892 /* Supporting Files */ = {
			isa = PBXGroup;
			children = (
				4C095FD51385F0BF00374892 /* ToDo.xcdatamodeld */,
				4CA7847F1399066000E99631 /* TabView1.png */,
				4CA784801399066000E99631 /* TabView2.png */,
				4CA784811399066000E99631 /* TabView3.png */,
				4CA784821399066000E99631 /* TabView4.png */,
				4CA784831399066000E99631 /* TabView5.png */,
				4C095FCB1385F0BF00374892 /* ToDo-Info.plist */,
				4C095FCC1385F0BF00374892 /* InfoPlist.strings */,
				4C095FCF1385F0BF00374892 /* ToDo-Prefix.pch */,
				4C095FD01385F0BF00374892 /* main.m */,
			);
			name = "Supporting Files";
			sourceTree = "<group>";
		};
		4C849C8213B43DEF00564A5D /* TabGroup ViewControllers */ = {
			isa = PBXGroup;
			children = (
				4CDE28DB138F29CF008A0630 /* FirstViewController.h */,
				4CDE28DC138F29CF008A0630 /* FirstViewController.m */,
				4CDE28DD138F29CF008A0630 /* FirstViewController.xib */,
				4CD3AEC7138F549D003E6E7B /* SecondViewController.xib */,
				4CD3AEC8138F549D003E6E7B /* SecondViewController.m */,
				4CD3AEC9138F549D003E6E7B /* SecondViewController.h */,
				4CD3AEBE138F549D003E6E7B /* ThirdViewController.m */,
				4CD3AEC6138F549D003E6E7B /* ThirdViewController.h */,
				4CD3AEC5138F549D003E6E7B /* ThirdViewController.xib */,
				4CD3AEC4138F549D003E6E7B /* FourthViewController.h */,
				4CD3AEC3138F549D003E6E7B /* FourthViewController.m */,
				4CD3AEC2138F549D003E6E7B /* FourthViewController.xib */,
				4CD3AEC1138F549D003E6E7B /* FifthViewController.h */,
				4CD3AEC0138F549D003E6E7B /* FifthViewController.m */,
				4CD3AEBF138F549D003E6E7B /* FifthViewController.xib */,
			);
			name = "TabGroup ViewControllers";
			sourceTree = "<group>";
		};
/* End PBXGroup section */

/* Begin PBXNativeTarget section */
		4C095FBC1385F0BF00374892 /* ToDo */ = {
			isa = PBXNativeTarget;
			buildConfigurationList = 4C095FE31385F0BF00374892 /* Build configuration list for PBXNativeTarget "ToDo" */;
			buildPhases = (
				4C095FB91385F0BF00374892 /* Sources */,
				4C095FBA1385F0BF00374892 /* Frameworks */,
				4C095FBB1385F0BF00374892 /* Resources */,
			);
			buildRules = (
			);
			dependencies = (
			);
			name = ToDo;
			productName = ToDo;
			productReference = 4C095FBD1385F0BF00374892 /* ToDo.app */;
			productType = "com.apple.product-type.application";
		};
/* End PBXNativeTarget section */

/* Begin PBXProject section */
		4C095FB41385F0BF00374892 /* Project object */ = {
			isa = PBXProject;
			buildConfigurationList = 4C095FB71385F0BF00374892 /* Build configuration list for PBXProject "ToDo" */;
			compatibilityVersion = "Xcode 3.2";
			developmentRegion = English;
			hasScannedForEncodings = 0;
			knownRegions = (
				en,
			);
			mainGroup = 4C095FB21385F0BF00374892;
			productRefGroup = 4C095FBE1385F0BF00374892 /* Products */;
			projectDirPath = "";
			projectRoot = "";
			targets = (
				4C095FBC1385F0BF00374892 /* ToDo */,
			);
		};
/* End PBXProject section */

/* Begin PBXResourcesBuildPhase section */
		4C095FBB1385F0BF00374892 /* Resources */ = {
			isa = PBXResourcesBuildPhase;
			buildActionMask = 2147483647;
			files = (
				4C095FCE1385F0BF00374892 /* InfoPlist.strings in Resources */,
				4C095FDA1385F0BF00374892 /* MainWindow.xib in Resources */,
				4C095FE01385F0BF00374892 /* RootViewController.xib in Resources */,
				4CDE28DA138F255A008A0630 /* TabViewController.xib in Resources */,
				4CDE28DF138F29CF008A0630 /* FirstViewController.xib in Resources */,
				4CD3AECB138F549D003E6E7B /* FifthViewController.xib in Resources */,
				4CD3AECD138F549D003E6E7B /* FourthViewController.xib in Resources */,
				4CD3AECF138F549D003E6E7B /* ThirdViewController.xib in Resources */,
				4CD3AED0138F549D003E6E7B /* SecondViewController.xib in Resources */,
				4C67770F13985E7D00CEC8D3 /* ToDoDetailViewController.xib in Resources */,
				4CA784841399066000E99631 /* TabView1.png in Resources */,
				4CA784851399066000E99631 /* TabView2.png in Resources */,
				4CA784861399066000E99631 /* TabView3.png in Resources */,
				4CA784871399066000E99631 /* TabView4.png in Resources */,
				4CA784881399066000E99631 /* TabView5.png in Resources */,
				4C849C8013B43DDF00564A5D /* DueDateViewController.xib in Resources */,
				4C849C8713B43EB700564A5D /* CategoryPickerViewController.xib in Resources */,
			);
			runOnlyForDeploymentPostprocessing = 0;
		};
/* End PBXResourcesBuildPhase section */

/* Begin PBXSourcesBuildPhase section */
		4C095FB91385F0BF00374892 /* Sources */ = {
			isa = PBXSourcesBuildPhase;
			buildActionMask = 2147483647;
			files = (
				4C095FD11385F0BF00374892 /* main.m in Sources */,
				4C095FD41385F0BF00374892 /* ToDoAppDelegate.m in Sources */,
				4C095FD71385F0BF00374892 /* ToDo.xcdatamodeld in Sources */,
				4C095FDD1385F0BF00374892 /* RootViewController.m in Sources */,
				4CDE28D9138F255A008A0630 /* TabViewController.m in Sources */,
				4CDE28DE138F29CF008A0630 /* FirstViewController.m in Sources */,
				4CD3AECA138F549D003E6E7B /* ThirdViewController.m in Sources */,
				4CD3AECC138F549D003E6E7B /* FifthViewController.m in Sources */,
				4CD3AECE138F549D003E6E7B /* FourthViewController.m in Sources */,
				4CD3AED1138F549D003E6E7B /* SecondViewController.m in Sources */,
				4C67770E13985E7D00CEC8D3 /* ToDoDetailViewController.m in Sources */,
				4C849C7F13B43DDF00564A5D /* DueDateViewController.m in Sources */,
				4C849C8613B43EB700564A5D /* CategoryPickerViewController.m in Sources */,
			);
			runOnlyForDeploymentPostprocessing = 0;
		};
/* End PBXSourcesBuildPhase section */

/* Begin PBXVariantGroup section */
		4C095FCC1385F0BF00374892 /* InfoPlist.strings */ = {
			isa = PBXVariantGroup;
			children = (
				4C095FCD1385F0BF00374892 /* en */,
			);
			name = InfoPlist.strings;
			sourceTree = "<group>";
		};
		4C095FD81385F0BF00374892 /* MainWindow.xib */ = {
			isa = PBXVariantGroup;
			children = (
				4C095FD91385F0BF00374892 /* en */,
			);
			name = MainWindow.xib;
			sourceTree = "<group>";
		};
		4C095FDE1385F0BF00374892 /* RootViewController.xib */ = {
			isa = PBXVariantGroup;
			children = (
				4C095FDF1385F0BF00374892 /* en */,
			);
			name = RootViewController.xib;
			sourceTree = "<group>";
		};
/* End PBXVariantGroup section */

/* Begin XCBuildConfiguration section */
		4C095FE11385F0BF00374892 /* Debug */ = {
			isa = XCBuildConfiguration;
			buildSettings = {
				ARCHS = "$(ARCHS_STANDARD_32_BIT)";
				CODE_SIGN_IDENTITY = "iPhone Developer";
				"CODE_SIGN_IDENTITY[sdk=iphoneos*]" = "iPhone Developer";
				GCC_C_LANGUAGE_STANDARD = gnu99;
				GCC_OPTIMIZATION_LEVEL = 0;
				GCC_PREPROCESSOR_DEFINITIONS = DEBUG;
				GCC_SYMBOLS_PRIVATE_EXTERN = NO;
				GCC_VERSION = com.apple.compilers.llvmgcc42;
				GCC_WARN_ABOUT_RETURN_TYPE = YES;
				GCC_WARN_UNUSED_VARIABLE = YES;
				IPHONEOS_DEPLOYMENT_TARGET = 4.3;
				PROVISIONING_PROFILE = "";
				"PROVISIONING_PROFILE[sdk=iphoneos*]" = "";
				SDKROOT = iphoneos;
			};
			name = Debug;
		};
		4C095FE21385F0BF00374892 /* Release */ = {
			isa = XCBuildConfiguration;
			buildSettings = {
				ARCHS = "$(ARCHS_STANDARD_32_BIT)";
				CODE_SIGN_IDENTITY = "iPhone Developer";
				"CODE_SIGN_IDENTITY[sdk=iphoneos*]" = "iPhone Developer";
				GCC_C_LANGUAGE_STANDARD = gnu99;
				GCC_VERSION = com.apple.compilers.llvmgcc42;
				GCC_WARN_ABOUT_RETURN_TYPE = YES;
				GCC_WARN_UNUSED_VARIABLE = YES;
				IPHONEOS_DEPLOYMENT_TARGET = 4.3;
				OTHER_CFLAGS = "-DNS_BLOCK_ASSERTIONS=1";
				PROVISIONING_PROFILE = "";
				"PROVISIONING_PROFILE[sdk=iphoneos*]" = "";
				SDKROOT = iphoneos;
			};
			name = Release;
		};
		4C095FE41385F0BF00374892 /* Debug */ = {
			isa = XCBuildConfiguration;
			buildSettings = {
				ALWAYS_SEARCH_USER_PATHS = NO;
				COPY_PHASE_STRIP = NO;
				GCC_DYNAMIC_NO_PIC = NO;
				GCC_PRECOMPILE_PREFIX_HEADER = YES;
				GCC_PREFIX_HEADER = "ToDo/ToDo-Prefix.pch";
				INFOPLIST_FILE = "ToDo/ToDo-Info.plist";
				PRODUCT_NAME = "$(TARGET_NAME)";
				WRAPPER_EXTENSION = app;
			};
			name = Debug;
		};
		4C095FE51385F0BF00374892 /* Release */ = {
			isa = XCBuildConfiguration;
			buildSettings = {
				ALWAYS_SEARCH_USER_PATHS = NO;
				COPY_PHASE_STRIP = YES;
				GCC_PRECOMPILE_PREFIX_HEADER = YES;
				GCC_PREFIX_HEADER = "ToDo/ToDo-Prefix.pch";
				INFOPLIST_FILE = "ToDo/ToDo-Info.plist";
				PRODUCT_NAME = "$(TARGET_NAME)";
				VALIDATE_PRODUCT = YES;
				WRAPPER_EXTENSION = app;
			};
			name = Release;
		};
/* End XCBuildConfiguration section */

/* Begin XCConfigurationList section */
		4C095FB71385F0BF00374892 /* Build configuration list for PBXProject "ToDo" */ = {
			isa = XCConfigurationList;
			buildConfigurations = (
				4C095FE11385F0BF00374892 /* Debug */,
				4C095FE21385F0BF00374892 /* Release */,
			);
			defaultConfigurationIsVisible = 0;
			defaultConfigurationName = Release;
		};
		4C095FE31385F0BF00374892 /* Build configuration list for PBXNativeTarget "ToDo" */ = {
			isa = XCConfigurationList;
			buildConfigurations = (
				4C095FE41385F0BF00374892 /* Debug */,
				4C095FE51385F0BF00374892 /* Release */,
			);
			defaultConfigurationIsVisible = 0;
			defaultConfigurationName = Release;
		};
/* End XCConfigurationList section */

/* Begin XCVersionGroup section */
		4C095FD51385F0BF00374892 /* ToDo.xcdatamodeld */ = {
			isa = XCVersionGroup;
			children = (
				4C095FD61385F0BF00374892 /* ToDo.xcdatamodel */,
			);
			currentVersion = 4C095FD61385F0BF00374892 /* ToDo.xcdatamodel */;
			path = ToDo.xcdatamodeld;
			sourceTree = "<group>";
			versionGroupType = wrapper.xcdatamodel;
		};
/* End XCVersionGroup section */
	};
	rootObject = 4C095FB41385F0BF00374892 /* Project object */;
}
